
Microsoft Visual Studio Solution File, Format Version 12.00
# Visual Studio Version 17
VisualStudioVersion = 17.14.36705.20 d17.14
MinimumVisualStudioVersion = 10.0.40219.1
Project("{FAE04EC0-301F-11D3-BF4B-00C04F79EFBC}") = "GameShop.Core.Test", "GameShop\GameShop.Core.Test.csproj", "{67CF2F28-1A67-4FFC-A1EE-9B2880D91D0A}"
EndProject
Project("{2150E333-8FDC-42A3-9474-1A3956D46DE8}") = "Core", "Core", "{02EA681E-C7D8-13C7-8484-4AC65E1B71E8}"
EndProject
Project("{FAE04EC0-301F-11D3-BF4B-00C04F79EFBC}") = "GameShop.Core", "GameShop.Core\GameShop.Core.csproj", "{34A1BD8E-68AE-4C28-82E7-20C0C3797B29}"
EndProject
Global
	GlobalSection(SolutionConfigurationPlatforms) = preSolution
		Debug|Any CPU = Debug|Any CPU
		Release|Any CPU = Release|Any CPU
	EndGlobalSection
	GlobalSection(ProjectConfigurationPlatforms) = postSolution
		{67CF2F28-1A67-4FFC-A1EE-9B2880D91D0A}.Debug|Any CPU.ActiveCfg = Debug|Any CPU
		{67CF2F28-1A67-4FFC-A1EE-9B2880D91D0A}.Debug|Any CPU.Build.0 = Debug|Any CPU
		{67CF2F28-1A67-4FFC-A1EE-9B2880D91D0A}.Release|Any CPU.ActiveCfg = Release|Any CPU
		{67CF2F28-1A67-4FFC-A1EE-9B2880D91D0A}.Release|Any CPU.Build.0 = Release|Any CPU
		{34A1BD8E-68AE-4C28-82E7-20C0C3797B29}.Debug|Any CPU.ActiveCfg = Debug|Any CPU
		{34A1BD8E-68AE-4C28-82E7-20C0C3797B29}.Debug|Any CPU.Build.0 = Debug|Any CPU
		{34A1BD8E-68AE-4C28-82E7-20C0C3797B29}.Release|Any CPU.ActiveCfg = Release|Any CPU
		{34A1BD8E-68AE-4C28-82E7-20C0C3797B29}.Release|Any CPU.Build.0 = Release|Any CPU
	EndGlobalSection
	GlobalSection(SolutionProperties) = preSolution
		HideSolutionNode = FALSE
	EndGlobalSection
	GlobalSection(NestedProjects) = preSolution
		{67CF2F28-1A67-4FFC-A1EE-9B2880D91D0A} = {02EA681E-C7D8-13C7-8484-4AC65E1B71E8}
		{34A1BD8E-68AE-4C28-82E7-20C0C3797B29} = {02EA681E-C7D8-13C7-8484-4AC65E1B71E8}
	EndGlobalSection
	GlobalSection(ExtensibilityGlobals) = postSolution
		SolutionGuid = {4544700E-5737-4CB0-9515-7BAD68C5C262}
	EndGlobalSection
EndGlobal
