
Microsoft Visual Studio Solution File, Format Version 12.00
# Visual Studio Version 17
VisualStudioVersion = 17.14.36623.8 d17.14
MinimumVisualStudioVersion = 10.0.40219.1
Project("{2150E333-8FDC-42A3-9474-1A3956D46DE8}") = "Core", "Core", "{02EA681E-C7D8-13C7-8484-4AC65E1B71E8}"
EndProject
Project("{2150E333-8FDC-42A3-9474-1A3956D46DE8}") = "DataAccess", "DataAccess", "{EFEACA6B-F12D-45EF-AD43-E259EFA7D5CF}"
EndProject
Project("{2150E333-8FDC-42A3-9474-1A3956D46DE8}") = "Web", "Web", "{C83022CB-CF7F-48AC-A362-B4E3D748EF95}"
EndProject
Project("{FAE04EC0-301F-11D3-BF4B-00C04F79EFBC}") = "GameShop.Core.Test", "GameShop.Core.Test\GameShop.Core.Test.csproj", "{3CFF136E-3481-427C-B6DD-129156CF8390}"
EndProject
Project("{FAE04EC0-301F-11D3-BF4B-00C04F79EFBC}") = "GameShop.Core", "GameShop.Core\GameShop.Core.csproj", "{26B88569-C99D-4B3F-AE85-DBF021F820B8}"
EndProject
Global
	GlobalSection(SolutionConfigurationPlatforms) = preSolution
		Debug|Any CPU = Debug|Any CPU
		Release|Any CPU = Release|Any CPU
	EndGlobalSection
	GlobalSection(ProjectConfigurationPlatforms) = postSolution
		{3CFF136E-3481-427C-B6DD-129156CF8390}.Debug|Any CPU.ActiveCfg = Debug|Any CPU
		{3CFF136E-3481-427C-B6DD-129156CF8390}.Debug|Any CPU.Build.0 = Debug|Any CPU
		{3CFF136E-3481-427C-B6DD-129156CF8390}.Release|Any CPU.ActiveCfg = Release|Any CPU
		{3CFF136E-3481-427C-B6DD-129156CF8390}.Release|Any CPU.Build.0 = Release|Any CPU
		{26B88569-C99D-4B3F-AE85-DBF021F820B8}.Debug|Any CPU.ActiveCfg = Debug|Any CPU
		{26B88569-C99D-4B3F-AE85-DBF021F820B8}.Debug|Any CPU.Build.0 = Debug|Any CPU
		{26B88569-C99D-4B3F-AE85-DBF021F820B8}.Release|Any CPU.ActiveCfg = Release|Any CPU
		{26B88569-C99D-4B3F-AE85-DBF021F820B8}.Release|Any CPU.Build.0 = Release|Any CPU
	EndGlobalSection
	GlobalSection(SolutionProperties) = preSolution
		HideSolutionNode = FALSE
	EndGlobalSection
	GlobalSection(NestedProjects) = preSolution
		{3CFF136E-3481-427C-B6DD-129156CF8390} = {02EA681E-C7D8-13C7-8484-4AC65E1B71E8}
		{26B88569-C99D-4B3F-AE85-DBF021F820B8} = {02EA681E-C7D8-13C7-8484-4AC65E1B71E8}
	EndGlobalSection
	GlobalSection(ExtensibilityGlobals) = postSolution
		SolutionGuid = {A003826E-9766-4973-824F-394E4A5CC3B4}
	EndGlobalSection
EndGlobal
